github.com/ALiwoto/ssg v1.1.38 h1:nVGsObrzLv174qzNva29Ki9x7xkmtUWsX3cMEimT/Bo=
github.com/ALiwoto/ssg v1.1.38/go.mod h1:977/edS++uXWeyaTA9giTWPi8QubiIkb6ij0+0tC9gU=
golang.org/x/text v0.15.0 h1:h1V/4gjBv8v9cjcR6+AR5+/cIYK5N/WAgiv4xlsEtAk=
golang.org/x/text v0.15.0/go.mod h1:18ZOQIKpY8NJVqYksKHtTdi31H5itFRjB5/qKTNYzSU=
