github.com/AnimeKaizoku/ssg v1.1.2 h1:Zodd1IzYdrZV+sagA4OgBc2ef4IjyJqAJEFgGWpqnfU=
github.com/AnimeKaizoku/ssg v1.1.2/go.mod h1:t4sH9GQLurVu09o7BOw1cBG/PXBGq5cLw5unu112uuo=
golang.org/x/text v0.3.7 h1:olpwvP2KacW1ZWvsR7uQhoyTYvKAupfQrRGBFM352Gk=
golang.org/x/text v0.3.7/go.mod h1:u+2+/6zg+i71rQMx5EYifcz6MCKuco9NR6JIITiCfzQ=
